{
  "name": "commonjs-justhere",
  "version": "0.9.7",
  "lockfileVersion": 1,
  "requires": true,
  "dependencies": {
    "graceful-fs": {
      "version": "1.1.14",
      "resolved": "https://registry.npmjs.org/graceful-fs/-/graceful-fs-1.1.14.tgz",
      "integrity": "sha1-BweNtfY3f2Mh/Oqu30l94STclGU=",
      "dev": true,
      "optional": true
    },
    "mkdirp": {
      "version": "0.3.5",
      "resolved": "https://registry.npmjs.org/mkdirp/-/mkdirp-0.3.5.tgz",
      "integrity": "sha1-3j5fiWHIjHh+4TaN+EmsRBPsqNc=",
      "dev": true
    },
    "rimraf": {
      "version": "2.0.3",
      "resolved": "https://registry.npmjs.org/rimraf/-/rimraf-2.0.3.tgz",
      "integrity": "sha1-9QopZecUTpr9mYmC8V33BnMPVqk=",
      "dev": true,
      "requires": {
        "graceful-fs": "~1.1"
      }
    },
    "scopedfs": {
      "version": "0.1.0",
      "resolved": "https://registry.npmjs.org/scopedfs/-/scopedfs-0.1.0.tgz",
      "integrity": "sha1-f+w091QVBu5igjQBxwHDGE33IL8=",
      "dev": true,
      "requires": {
        "mkdirp": "~0.3.4",
        "rimraf": "~2.0.2",
        "temp": "~0.4.0"
      }
    },
    "semver": {
      "version": "6.3.0",
      "resolved": "https://registry.npmjs.org/semver/-/semver-6.3.0.tgz",
      "integrity": "sha512-b39TBaTSfV6yBrapU89p5fKekE2m/NwnDocOVruQFS1/veMgdzuPcnOM34M6CwxW8jH/lxEa5rBoDeUwu5HHTw==",
      "dev": true
    },
    "temp": {
      "version": "0.4.0",
      "resolved": "https://registry.npmjs.org/temp/-/temp-0.4.0.tgz",
      "integrity": "sha1-ZxrWPVe+D+nXKUZks/xABjZnimA=",
      "dev": true
    }
  }
}
